
Microsoft Visual Studio Solution File, Format Version 12.00
# Visual Studio Version 17
VisualStudioVersion = 17.5.33627.172
MinimumVisualStudioVersion = 10.0.40219.1
Project("{8BC9CEB8-8B4A-11D0-8D11-00A0C91BC942}") = "Bai1", "Bai1\Bai1.vcxproj", "{A5ED708E-2905-42CC-9122-2C6FEFA8BD74}"
EndProject
Project("{8BC9CEB8-8B4A-11D0-8D11-00A0C91BC942}") = "Bai2", "Bai2\Bai2.vcxproj", "{712CB11F-2696-4E59-8A10-51EF3D18A9B0}"
EndProject
Project("{8BC9CEB8-8B4A-11D0-8D11-00A0C91BC942}") = "Bai4", "Bai4\Bai4.vcxproj", "{190EC922-724E-4A52-9EC6-7AAFE5DF6C8B}"
EndProject
Global
	GlobalSection(SolutionConfigurationPlatforms) = preSolution
		Debug|x64 = Debug|x64
		Debug|x86 = Debug|x86
		Release|x64 = Release|x64
		Release|x86 = Release|x86
	EndGlobalSection
	GlobalSection(ProjectConfigurationPlatforms) = postSolution
		{A5ED708E-2905-42CC-9122-2C6FEFA8BD74}.Debug|x64.ActiveCfg = Debug|x64
		{A5ED708E-2905-42CC-9122-2C6FEFA8BD74}.Debug|x64.Build.0 = Debug|x64
		{A5ED708E-2905-42CC-9122-2C6FEFA8BD74}.Debug|x86.ActiveCfg = Debug|Win32
		{A5ED708E-2905-42CC-9122-2C6FEFA8BD74}.Debug|x86.Build.0 = Debug|Win32
		{A5ED708E-2905-42CC-9122-2C6FEFA8BD74}.Release|x64.ActiveCfg = Release|x64
		{A5ED708E-2905-42CC-9122-2C6FEFA8BD74}.Release|x64.Build.0 = Release|x64
		{A5ED708E-2905-42CC-9122-2C6FEFA8BD74}.Release|x86.ActiveCfg = Release|Win32
		{A5ED708E-2905-42CC-9122-2C6FEFA8BD74}.Release|x86.Build.0 = Release|Win32
		{712CB11F-2696-4E59-8A10-51EF3D18A9B0}.Debug|x64.ActiveCfg = Debug|x64
		{712CB11F-2696-4E59-8A10-51EF3D18A9B0}.Debug|x64.Build.0 = Debug|x64
		{712CB11F-2696-4E59-8A10-51EF3D18A9B0}.Debug|x86.ActiveCfg = Debug|Win32
		{712CB11F-2696-4E59-8A10-51EF3D18A9B0}.Debug|x86.Build.0 = Debug|Win32
		{712CB11F-2696-4E59-8A10-51EF3D18A9B0}.Release|x64.ActiveCfg = Release|x64
		{712CB11F-2696-4E59-8A10-51EF3D18A9B0}.Release|x64.Build.0 = Release|x64
		{712CB11F-2696-4E59-8A10-51EF3D18A9B0}.Release|x86.ActiveCfg = Release|Win32
		{712CB11F-2696-4E59-8A10-51EF3D18A9B0}.Release|x86.Build.0 = Release|Win32
		{190EC922-724E-4A52-9EC6-7AAFE5DF6C8B}.Debug|x64.ActiveCfg = Debug|x64
		{190EC922-724E-4A52-9EC6-7AAFE5DF6C8B}.Debug|x64.Build.0 = Debug|x64
		{190EC922-724E-4A52-9EC6-7AAFE5DF6C8B}.Debug|x86.ActiveCfg = Debug|Win32
		{190EC922-724E-4A52-9EC6-7AAFE5DF6C8B}.Debug|x86.Build.0 = Debug|Win32
		{190EC922-724E-4A52-9EC6-7AAFE5DF6C8B}.Release|x64.ActiveCfg = Release|x64
		{190EC922-724E-4A52-9EC6-7AAFE5DF6C8B}.Release|x64.Build.0 = Release|x64
		{190EC922-724E-4A52-9EC6-7AAFE5DF6C8B}.Release|x86.ActiveCfg = Release|Win32
		{190EC922-724E-4A52-9EC6-7AAFE5DF6C8B}.Release|x86.Build.0 = Release|Win32
	EndGlobalSection
	GlobalSection(SolutionProperties) = preSolution
		HideSolutionNode = FALSE
	EndGlobalSection
	GlobalSection(ExtensibilityGlobals) = postSolution
		SolutionGuid = {D97CB9CD-B63C-4566-A21D-53C8738B624B}
	EndGlobalSection
EndGlobal
